
Microsoft Visual Studio Solution File, Format Version 12.00
# Visual Studio Version 16
VisualStudioVersion = 16.0.29102.190
MinimumVisualStudioVersion = 10.0.40219.1
Project("{888888A0-9F3D-457C-B088-3A5042F75D52}") = "gestao_clientes", "gestao_clientes\gestao_clientes.pyproj", "{76301238-74DE-4BA4-850F-1A8B77EBD8FD}"
EndProject
Global
	GlobalSection(SolutionConfigurationPlatforms) = preSolution
		Debug|Any CPU = Debug|Any CPU
		Release|Any CPU = Release|Any CPU
	EndGlobalSection
	GlobalSection(ProjectConfigurationPlatforms) = postSolution
		{76301238-74DE-4BA4-850F-1A8B77EBD8FD}.Debug|Any CPU.ActiveCfg = Debug|Any CPU
		{76301238-74DE-4BA4-850F-1A8B77EBD8FD}.Debug|Any CPU.Build.0 = Debug|Any CPU
		{76301238-74DE-4BA4-850F-1A8B77EBD8FD}.Release|Any CPU.ActiveCfg = Release|Any CPU
		{76301238-74DE-4BA4-850F-1A8B77EBD8FD}.Release|Any CPU.Build.0 = Release|Any CPU
	EndGlobalSection
	GlobalSection(SolutionProperties) = preSolution
		HideSolutionNode = FALSE
	EndGlobalSection
	GlobalSection(ExtensibilityGlobals) = postSolution
		SolutionGuid = {8F813429-BE9C-46E9-9D17-D800E11AEF27}
	EndGlobalSection
EndGlobal
